// !$*UTF8*$!
{
	archiveVersion = 1;
	classes = {
	};
	objectVersion = 55;
	objects = {

/* Begin PBXBuildFile section */
		82E91C8F288D771600713643 /* AppDelegate.swift in Sources */ = {isa = PBXBuildFile; fileRef = 82E91C8E288D771600713643 /* AppDelegate.swift */; };
		82E91C91288D771600713643 /* SceneDelegate.swift in Sources */ = {isa = PBXBuildFile; fileRef = 82E91C90288D771600713643 /* SceneDelegate.swift */; };
		82E91C93288D771600713643 /* ViewController.swift in Sources */ = {isa = PBXBuildFile; fileRef = 82E91C92288D771600713643 /* ViewController.swift */; };
		82E91C96288D771600713643 /* Main.storyboard in Resources */ = {isa = PBXBuildFile; fileRef = 82E91C94288D771600713643 /* Main.storyboard */; };
		82E91C98288D771800713643 /* Assets.xcassets in Resources */ = {isa = PBXBuildFile; fileRef = 82E91C97288D771800713643 /* Assets.xcassets */; };
		82E91C9B288D771800713643 /* LaunchScreen.storyboard in Resources */ = {isa = PBXBuildFile; fileRef = 82E91C99288D771800713643 /* LaunchScreen.storyboard */; };
		82E91CA6288D771800713643 /* KiliaroTestAppTests.swift in Sources */ = {isa = PBXBuildFile; fileRef = 82E91CA5288D771800713643 /* KiliaroTestAppTests.swift */; };
		82E91CB0288D771800713643 /* KiliaroTestAppUITests.swift in Sources */ = {isa = PBXBuildFile; fileRef = 82E91CAF288D771800713643 /* KiliaroTestAppUITests.swift */; };
		82E91CB2288D771800713643 /* KiliaroTestAppUITestsLaunchTests.swift in Sources */ = {isa = PBXBuildFile; fileRef = 82E91CB1288D771800713643 /* KiliaroTestAppUITestsLaunchTests.swift */; };
/* End PBXBuildFile section */

/* Begin PBXContainerItemProxy section */
		82E91CA2288D771800713643 /* PBXContainerItemProxy */ = {
			isa = PBXContainerItemProxy;
			containerPortal = 82E91C83288D771600713643 /* Project object */;
			proxyType = 1;
			remoteGlobalIDString = 82E91C8A288D771600713643;
			remoteInfo = KiliaroTestApp;
		};
		82E91CAC288D771800713643 /* PBXContainerItemProxy */ = {
			isa = PBXContainerItemProxy;
			containerPortal = 82E91C83288D771600713643 /* Project object */;
			proxyType = 1;
			remoteGlobalIDString = 82E91C8A288D771600713643;
			remoteInfo = KiliaroTestApp;
		};
/* End PBXContainerItemProxy section */

/* Begin PBXFileReference section */
		82E91C8B288D771600713643 /* KiliaroTestApp.app */ = {isa = PBXFileReference; explicitFileType = wrapper.application; includeInIndex = 0; path = KiliaroTestApp.app; sourceTree = BUILT_PRODUCTS_DIR; };
		82E91C8E288D771600713643 /* AppDelegate.swift */ = {isa = PBXFileReference; lastKnownFileType = sourcecode.swift; path = AppDelegate.swift; sourceTree = "<group>"; };
		82E91C90288D771600713643 /* SceneDelegate.swift */ = {isa = PBXFileReference; lastKnownFileType = sourcecode.swift; path = SceneDelegate.swift; sourceTree = "<group>"; };
		82E91C92288D771600713643 /* ViewController.swift */ = {isa = PBXFileReference; lastKnownFileType = sourcecode.swift; path = ViewController.swift; sourceTree = "<group>"; };
		82E91C95288D771600713643 /* Base */ = {isa = PBXFileReference; lastKnownFileType = file.storyboard; name = Base; path = Base.lproj/Main.storyboard; sourceTree = "<group>"; };
		82E91C97288D771800713643 /* Assets.xcassets */ = {isa = PBXFileReference; lastKnownFileType = folder.assetcatalog; path = Assets.xcassets; sourceTree = "<group>"; };
		82E91C9A288D771800713643 /* Base */ = {isa = PBXFileReference; lastKnownFileType = file.storyboard; name = Base; path = Base.lproj/LaunchScreen.storyboard; sourceTree = "<group>"; };
		82E91C9C288D771800713643 /* Info.plist */ = {isa = PBXFileReference; lastKnownFileType = text.plist.xml; path = Info.plist; sourceTree = "<group>"; };
		82E91CA1288D771800713643 /* KiliaroTestAppTests.xctest */ = {isa = PBXFileReference; explicitFileType = wrapper.cfbundle; includeInIndex = 0; path = KiliaroTestAppTests.xctest; sourceTree = BUILT_PRODUCTS_DIR; };
		82E91CA5288D771800713643 /* KiliaroTestAppTests.swift */ = {isa = PBXFileReference; lastKnownFileType = sourcecode.swift; path = KiliaroTestAppTests.swift; sourceTree = "<group>"; };
		82E91CAB288D771800713643 /* KiliaroTestAppUITests.xctest */ = {isa = PBXFileReference; explicitFileType = wrapper.cfbundle; includeInIndex = 0; path = KiliaroTestAppUITests.xctest; sourceTree = BUILT_PRODUCTS_DIR; };
		82E91CAF288D771800713643 /* KiliaroTestAppUITests.swift */ = {isa = PBXFileReference; lastKnownFileType = sourcecode.swift; path = KiliaroTestAppUITests.swift; sourceTree = "<group>"; };
		82E91CB1288D771800713643 /* KiliaroTestAppUITestsLaunchTests.swift */ = {isa = PBXFileReference; lastKnownFileType = sourcecode.swift; path = KiliaroTestAppUITestsLaunchTests.swift; sourceTree = "<group>"; };
/* End PBXFileReference section */

/* Begin PBXFrameworksBuildPhase section */
		82E91C88288D771600713643 /* Frameworks */ = {
			isa = PBXFrameworksBuildPhase;
			buildActionMask = 2147483647;
			files = (
			);
			runOnlyForDeploymentPostprocessing = 0;
		};
		82E91C9E288D771800713643 /* Frameworks */ = {
			isa = PBXFrameworksBuildPhase;
			buildActionMask = 2147483647;
			files = (
			);
			runOnlyForDeploymentPostprocessing = 0;
		};
		82E91CA8288D771800713643 /* Frameworks */ = {
			isa = PBXFrameworksBuildPhase;
			buildActionMask = 2147483647;
			files = (
			);
			runOnlyForDeploymentPostprocessing = 0;
		};
/* End PBXFrameworksBuildPhase section */

/* Begin PBXGroup section */
		82E91C82288D771600713643 = {
			isa = PBXGroup;
			children = (
				82E91C8D288D771600713643 /* KiliaroTestApp */,
				82E91CA4288D771800713643 /* KiliaroTestAppTests */,
				82E91CAE288D771800713643 /* KiliaroTestAppUITests */,
				82E91C8C288D771600713643 /* Products */,
			);
			sourceTree = "<group>";
		};
		82E91C8C288D771600713643 /* Products */ = {
			isa = PBXGroup;
			children = (
				82E91C8B288D771600713643 /* KiliaroTestApp.app */,
				82E91CA1288D771800713643 /* KiliaroTestAppTests.xctest */,
				82E91CAB288D771800713643 /* KiliaroTestAppUITests.xctest */,
			);
			name = Products;
			sourceTree = "<group>";
		};
		82E91C8D288D771600713643 /* KiliaroTestApp */ = {
			isa = PBXGroup;
			children = (
				82E91C8E288D771600713643 /* AppDelegate.swift */,
				82E91C90288D771600713643 /* SceneDelegate.swift */,
				82E91C92288D771600713643 /* ViewController.swift */,
				82E91C94288D771600713643 /* Main.storyboard */,
				82E91C97288D771800713643 /* Assets.xcassets */,
				82E91C99288D771800713643 /* LaunchScreen.storyboard */,
				82E91C9C288D771800713643 /* Info.plist */,
			);
			path = KiliaroTestApp;
			sourceTree = "<group>";
		};
		82E91CA4288D771800713643 /* KiliaroTestAppTests */ = {
			isa = PBXGroup;
			children = (
				82E91CA5288D771800713643 /* KiliaroTestAppTests.swift */,
			);
			path = KiliaroTestAppTests;
			sourceTree = "<group>";
		};
		82E91CAE288D771800713643 /* KiliaroTestAppUITests */ = {
			isa = PBXGroup;
			children = (
				82E91CAF288D771800713643 /* KiliaroTestAppUITests.swift */,
				82E91CB1288D771800713643 /* KiliaroTestAppUITestsLaunchTests.swift */,
			);
			path = KiliaroTestAppUITests;
			sourceTree = "<group>";
		};
/* End PBXGroup section */

/* Begin PBXNativeTarget section */
		82E91C8A288D771600713643 /* KiliaroTestApp */ = {
			isa = PBXNativeTarget;
			buildConfigurationList = 82E91CB5288D771800713643 /* Build configuration list for PBXNativeTarget "KiliaroTestApp" */;
			buildPhases = (
				82E91C87288D771600713643 /* Sources */,
				82E91C88288D771600713643 /* Frameworks */,
				82E91C89288D771600713643 /* Resources */,
			);
			buildRules = (
			);
			dependencies = (
			);
			name = KiliaroTestApp;
			productName = KiliaroTestApp;
			productReference = 82E91C8B288D771600713643 /* KiliaroTestApp.app */;
			productType = "com.apple.product-type.application";
		};
		82E91CA0288D771800713643 /* KiliaroTestAppTests */ = {
			isa = PBXNativeTarget;
			buildConfigurationList = 82E91CB8288D771800713643 /* Build configuration list for PBXNativeTarget "KiliaroTestAppTests" */;
			buildPhases = (
				82E91C9D288D771800713643 /* Sources */,
				82E91C9E288D771800713643 /* Frameworks */,
				82E91C9F288D771800713643 /* Resources */,
			);
			buildRules = (
			);
			dependencies = (
				82E91CA3288D771800713643 /* PBXTargetDependency */,
			);
			name = KiliaroTestAppTests;
			productName = KiliaroTestAppTests;
			productReference = 82E91CA1288D771800713643 /* KiliaroTestAppTests.xctest */;
			productType = "com.apple.product-type.bundle.unit-test";
		};
		82E91CAA288D771800713643 /* KiliaroTestAppUITests */ = {
			isa = PBXNativeTarget;
			buildConfigurationList = 82E91CBB288D771800713643 /* Build configuration list for PBXNativeTarget "KiliaroTestAppUITests" */;
			buildPhases = (
				82E91CA7288D771800713643 /* Sources */,
				82E91CA8288D771800713643 /* Frameworks */,
				82E91CA9288D771800713643 /* Resources */,
			);
			buildRules = (
			);
			dependencies = (
				82E91CAD288D771800713643 /* PBXTargetDependency */,
			);
			name = KiliaroTestAppUITests;
			productName = KiliaroTestAppUITests;
			productReference = 82E91CAB288D771800713643 /* KiliaroTestAppUITests.xctest */;
			productType = "com.apple.product-type.bundle.ui-testing";
		};
/* End PBXNativeTarget section */

/* Begin PBXProject section */
		82E91C83288D771600713643 /* Project object */ = {
			isa = PBXProject;
			attributes = {
				BuildIndependentTargetsInParallel = 1;
				LastSwiftUpdateCheck = 1330;
				LastUpgradeCheck = 1330;
				TargetAttributes = {
					82E91C8A288D771600713643 = {
						CreatedOnToolsVersion = 13.3;
					};
					82E91CA0288D771800713643 = {
						CreatedOnToolsVersion = 13.3;
						TestTargetID = 82E91C8A288D771600713643;
					};
					82E91CAA288D771800713643 = {
						CreatedOnToolsVersion = 13.3;
						TestTargetID = 82E91C8A288D771600713643;
					};
				};
			};
			buildConfigurationList = 82E91C86288D771600713643 /* Build configuration list for PBXProject "KiliaroTestApp" */;
			compatibilityVersion = "Xcode 13.0";
			developmentRegion = en;
			hasScannedForEncodings = 0;
			knownRegions = (
				en,
				Base,
			);
			mainGroup = 82E91C82288D771600713643;
			productRefGroup = 82E91C8C288D771600713643 /* Products */;
			projectDirPath = "";
			projectRoot = "";
			targets = (
				82E91C8A288D771600713643 /* KiliaroTestApp */,
				82E91CA0288D771800713643 /* KiliaroTestAppTests */,
				82E91CAA288D771800713643 /* KiliaroTestAppUITests */,
			);
		};
/* End PBXProject section */

/* Begin PBXResourcesBuildPhase section */
		82E91C89288D771600713643 /* Resources */ = {
			isa = PBXResourcesBuildPhase;
			buildActionMask = 2147483647;
			files = (
				82E91C9B288D771800713643 /* LaunchScreen.storyboard in Resources */,
				82E91C98288D771800713643 /* Assets.xcassets in Resources */,
				82E91C96288D771600713643 /* Main.storyboard in Resources */,
			);
			runOnlyForDeploymentPostprocessing = 0;
		};
		82E91C9F288D771800713643 /* Resources */ = {
			isa = PBXResourcesBuildPhase;
			buildActionMask = 2147483647;
			files = (
			);
			runOnlyForDeploymentPostprocessing = 0;
		};
		82E91CA9288D771800713643 /* Resources */ = {
			isa = PBXResourcesBuildPhase;
			buildActionMask = 2147483647;
			files = (
			);
			runOnlyForDeploymentPostprocessing = 0;
		};
/* End PBXResourcesBuildPhase section */

/* Begin PBXSourcesBuildPhase section */
		82E91C87288D771600713643 /* Sources */ = {
			isa = PBXSourcesBuildPhase;
			buildActionMask = 2147483647;
			files = (
				82E91C93288D771600713643 /* ViewController.swift in Sources */,
				82E91C8F288D771600713643 /* AppDelegate.swift in Sources */,
				82E91C91288D771600713643 /* SceneDelegate.swift in Sources */,
			);
			runOnlyForDeploymentPostprocessing = 0;
		};
		82E91C9D288D771800713643 /* Sources */ = {
			isa = PBXSourcesBuildPhase;
			buildActionMask = 2147483647;
			files = (
				82E91CA6288D771800713643 /* KiliaroTestAppTests.swift in Sources */,
			);
			runOnlyForDeploymentPostprocessing = 0;
		};
		82E91CA7288D771800713643 /* Sources */ = {
			isa = PBXSourcesBuildPhase;
			buildActionMask = 2147483647;
			files = (
				82E91CB2288D771800713643 /* KiliaroTestAppUITestsLaunchTests.swift in Sources */,
				82E91CB0288D771800713643 /* KiliaroTestAppUITests.swift in Sources */,
			);
			runOnlyForDeploymentPostprocessing = 0;
		};
/* End PBXSourcesBuildPhase section */

/* Begin PBXTargetDependency section */
		82E91CA3288D771800713643 /* PBXTargetDependency */ = {
			isa = PBXTargetDependency;
			target = 82E91C8A288D771600713643 /* KiliaroTestApp */;
			targetProxy = 82E91CA2288D771800713643 /* PBXContainerItemProxy */;
		};
		82E91CAD288D771800713643 /* PBXTargetDependency */ = {
			isa = PBXTargetDependency;
			target = 82E91C8A288D771600713643 /* KiliaroTestApp */;
			targetProxy = 82E91CAC288D771800713643 /* PBXContainerItemProxy */;
		};
/* End PBXTargetDependency section */

/* Begin PBXVariantGroup section */
		82E91C94288D771600713643 /* Main.storyboard */ = {
			isa = PBXVariantGroup;
			children = (
				82E91C95288D771600713643 /* Base */,
			);
			name = Main.storyboard;
			sourceTree = "<group>";
		};
		82E91C99288D771800713643 /* LaunchScreen.storyboard */ = {
			isa = PBXVariantGroup;
			children = (
				82E91C9A288D771800713643 /* Base */,
			);
			name = LaunchScreen.storyboard;
			sourceTree = "<group>";
		};
/* End PBXVariantGroup section */

/* Begin XCBuildConfiguration section */
		82E91CB3288D771800713643 /* Debug */ = {
			isa = XCBuildConfiguration;
			buildSettings = {
				ALWAYS_SEARCH_USER_PATHS = NO;
				CLANG_ANALYZER_NONNULL = YES;
				CLANG_ANALYZER_NUMBER_OBJECT_CONVERSION = YES_AGGRESSIVE;
				CLANG_CXX_LANGUAGE_STANDARD = "gnu++17";
				CLANG_ENABLE_MODULES = YES;
				CLANG_ENABLE_OBJC_ARC = YES;
				CLANG_ENABLE_OBJC_WEAK = YES;
				CLANG_WARN_BLOCK_CAPTURE_AUTORELEASING = YES;
				CLANG_WARN_BOOL_CONVERSION = YES;
				CLANG_WARN_COMMA = YES;
				CLANG_WARN_CONSTANT_CONVERSION = YES;
				CLANG_WARN_DEPRECATED_OBJC_IMPLEMENTATIONS = YES;
				CLANG_WARN_DIRECT_OBJC_ISA_USAGE = YES_ERROR;
				CLANG_WARN_DOCUMENTATION_COMMENTS = YES;
				CLANG_WARN_EMPTY_BODY = YES;
				CLANG_WARN_ENUM_CONVERSION = YES;
				CLANG_WARN_INFINITE_RECURSION = YES;
				CLANG_WARN_INT_CONVERSION = YES;
				CLANG_WARN_NON_LITERAL_NULL_CONVERSION = YES;
				CLANG_WARN_OBJC_IMPLICIT_RETAIN_SELF = YES;
				CLANG_WARN_OBJC_LITERAL_CONVERSION = YES;
				CLANG_WARN_OBJC_ROOT_CLASS = YES_ERROR;
				CLANG_WARN_QUOTED_INCLUDE_IN_FRAMEWORK_HEADER = YES;
				CLANG_WARN_RANGE_LOOP_ANALYSIS = YES;
				CLANG_WARN_STRICT_PROTOTYPES = YES;
				CLANG_WARN_SUSPICIOUS_MOVE = YES;
				CLANG_WARN_UNGUARDED_AVAILABILITY = YES_AGGRESSIVE;
				CLANG_WARN_UNREACHABLE_CODE = YES;
				CLANG_WARN__DUPLICATE_METHOD_MATCH = YES;
				COPY_PHASE_STRIP = NO;
				DEBUG_INFORMATION_FORMAT = dwarf;
				ENABLE_STRICT_OBJC_MSGSEND = YES;
				ENABLE_TESTABILITY = YES;
				GCC_C_LANGUAGE_STANDARD = gnu11;
				GCC_DYNAMIC_NO_PIC = NO;
				GCC_NO_COMMON_BLOCKS = YES;
				GCC_OPTIMIZATION_LEVEL = 0;
				GCC_PREPROCESSOR_DEFINITIONS = (
					"DEBUG=1",
					"$(inherited)",
				);
				GCC_WARN_64_TO_32_BIT_CONVERSION = YES;
				GCC_WARN_ABOUT_RETURN_TYPE = YES_ERROR;
				GCC_WARN_UNDECLARED_SELECTOR = YES;
				GCC_WARN_UNINITIALIZED_AUTOS = YES_AGGRESSIVE;
				GCC_WARN_UNUSED_FUNCTION = YES;
				GCC_WARN_UNUSED_VARIABLE = YES;
				IPHONEOS_DEPLOYMENT_TARGET = 15.4;
				MTL_ENABLE_DEBUG_INFO = INCLUDE_SOURCE;
				MTL_FAST_MATH = YES;
				ONLY_ACTIVE_ARCH = YES;
				SDKROOT = iphoneos;
				SWIFT_ACTIVE_COMPILATION_CONDITIONS = DEBUG;
				SWIFT_OPTIMIZATION_LEVEL = "-Onone";
			};
			name = Debug;
		};
		82E91CB4288D771800713643 /* Release */ = {
			isa = XCBuildConfiguration;
			buildSettings = {
				ALWAYS_SEARCH_USER_PATHS = NO;
				CLANG_ANALYZER_NONNULL = YES;
				CLANG_ANALYZER_NUMBER_OBJECT_CONVERSION = YES_AGGRESSIVE;
				CLANG_CXX_LANGUAGE_STANDARD = "gnu++17";
				CLANG_ENABLE_MODULES = YES;
				CLANG_ENABLE_OBJC_ARC = YES;
				CLANG_ENABLE_OBJC_WEAK = YES;
				CLANG_WARN_BLOCK_CAPTURE_AUTORELEASING = YES;
				CLANG_WARN_BOOL_CONVERSION = YES;
				CLANG_WARN_COMMA = YES;
				CLANG_WARN_CONSTANT_CONVERSION = YES;
				CLANG_WARN_DEPRECATED_OBJC_IMPLEMENTATIONS = YES;
				CLANG_WARN_DIRECT_OBJC_ISA_USAGE = YES_ERROR;
				CLANG_WARN_DOCUMENTATION_COMMENTS = YES;
				CLANG_WARN_EMPTY_BODY = YES;
				CLANG_WARN_ENUM_CONVERSION = YES;
				CLANG_WARN_INFINITE_RECURSION = YES;
				CLANG_WARN_INT_CONVERSION = YES;
				CLANG_WARN_NON_LITERAL_NULL_CONVERSION = YES;
				CLANG_WARN_OBJC_IMPLICIT_RETAIN_SELF = YES;
				CLANG_WARN_OBJC_LITERAL_CONVERSION = YES;
				CLANG_WARN_OBJC_ROOT_CLASS = YES_ERROR;
				CLANG_WARN_QUOTED_INCLUDE_IN_FRAMEWORK_HEADER = YES;
				CLANG_WARN_RANGE_LOOP_ANALYSIS = YES;
				CLANG_WARN_STRICT_PROTOTYPES = YES;
				CLANG_WARN_SUSPICIOUS_MOVE = YES;
				CLANG_WARN_UNGUARDED_AVAILABILITY = YES_AGGRESSIVE;
				CLANG_WARN_UNREACHABLE_CODE = YES;
				CLANG_WARN__DUPLICATE_METHOD_MATCH = YES;
				COPY_PHASE_STRIP = NO;
				DEBUG_INFORMATION_FORMAT = "dwarf-with-dsym";
				ENABLE_NS_ASSERTIONS = NO;
				ENABLE_STRICT_OBJC_MSGSEND = YES;
				GCC_C_LANGUAGE_STANDARD = gnu11;
				GCC_NO_COMMON_BLOCKS = YES;
				GCC_WARN_64_TO_32_BIT_CONVERSION = YES;
				GCC_WARN_ABOUT_RETURN_TYPE = YES_ERROR;
				GCC_WARN_UNDECLARED_SELECTOR = YES;
				GCC_WARN_UNINITIALIZED_AUTOS = YES_AGGRESSIVE;
				GCC_WARN_UNUSED_FUNCTION = YES;
				GCC_WARN_UNUSED_VARIABLE = YES;
				IPHONEOS_DEPLOYMENT_TARGET = 15.4;
				MTL_ENABLE_DEBUG_INFO = NO;
				MTL_FAST_MATH = YES;
				SDKROOT = iphoneos;
				SWIFT_COMPILATION_MODE = wholemodule;
				SWIFT_OPTIMIZATION_LEVEL = "-O";
				VALIDATE_PRODUCT = YES;
			};
			name = Release;
		};
		82E91CB6288D771800713643 /* Debug */ = {
			isa = XCBuildConfiguration;
			buildSettings = {
				ASSETCATALOG_COMPILER_APPICON_NAME = AppIcon;
				ASSETCATALOG_COMPILER_GLOBAL_ACCENT_COLOR_NAME = AccentColor;
				CODE_SIGN_STYLE = Automatic;
				CURRENT_PROJECT_VERSION = 1;
				DEVELOPMENT_TEAM = JX6SJ93FPN;
				GENERATE_INFOPLIST_FILE = YES;
				INFOPLIST_FILE = KiliaroTestApp/Info.plist;
				INFOPLIST_KEY_UIApplicationSupportsIndirectInputEvents = YES;
				INFOPLIST_KEY_UILaunchStoryboardName = LaunchScreen;
				INFOPLIST_KEY_UIMainStoryboardFile = Main;
				INFOPLIST_KEY_UISupportedInterfaceOrientations_iPad = "UIInterfaceOrientationPortrait UIInterfaceOrientationPortraitUpsideDown UIInterfaceOrientationLandscapeLeft UIInterfaceOrientationLandscapeRight";
				INFOPLIST_KEY_UISupportedInterfaceOrientations_iPhone = "UIInterfaceOrientationPortrait UIInterfaceOrientationLandscapeLeft UIInterfaceOrientationLandscapeRight";
				LD_RUNPATH_SEARCH_PATHS = (
					"$(inherited)",
					"@executable_path/Frameworks",
				);
				MARKETING_VERSION = 1.0;
				PRODUCT_BUNDLE_IDENTIFIER = Mohsen.KiliaroTestApp;
				PRODUCT_NAME = "$(TARGET_NAME)";
				SWIFT_EMIT_LOC_STRINGS = YES;
				SWIFT_VERSION = 5.0;
				TARGETED_DEVICE_FAMILY = "1,2";
			};
			name = Debug;
		};
		82E91CB7288D771800713643 /* Release */ = {
			isa = XCBuildConfiguration;
			buildSettings = {
				ASSETCATALOG_COMPILER_APPICON_NAME = AppIcon;
				ASSETCATALOG_COMPILER_GLOBAL_ACCENT_COLOR_NAME = AccentColor;
				CODE_SIGN_STYLE = Automatic;
				CURRENT_PROJECT_VERSION = 1;
				DEVELOPMENT_TEAM = JX6SJ93FPN;
				GENERATE_INFOPLIST_FILE = YES;
				INFOPLIST_FILE = KiliaroTestApp/Info.plist;
				INFOPLIST_KEY_UIApplicationSupportsIndirectInputEvents = YES;
				INFOPLIST_KEY_UILaunchStoryboardName = LaunchScreen;
				INFOPLIST_KEY_UIMainStoryboardFile = Main;
				INFOPLIST_KEY_UISupportedInterfaceOrientations_iPad = "UIInterfaceOrientationPortrait UIInterfaceOrientationPortraitUpsideDown UIInterfaceOrientationLandscapeLeft UIInterfaceOrientationLandscapeRight";
				INFOPLIST_KEY_UISupportedInterfaceOrientations_iPhone = "UIInterfaceOrientationPortrait UIInterfaceOrientationLandscapeLeft UIInterfaceOrientationLandscapeRight";
				LD_RUNPATH_SEARCH_PATHS = (
					"$(inherited)",
					"@executable_path/Frameworks",
				);
				MARKETING_VERSION = 1.0;
				PRODUCT_BUNDLE_IDENTIFIER = Mohsen.KiliaroTestApp;
				PRODUCT_NAME = "$(TARGET_NAME)";
				SWIFT_EMIT_LOC_STRINGS = YES;
				SWIFT_VERSION = 5.0;
				TARGETED_DEVICE_FAMILY = "1,2";
			};
			name = Release;
		};
		82E91CB9288D771800713643 /* Debug */ = {
			isa = XCBuildConfiguration;
			buildSettings = {
				ALWAYS_EMBED_SWIFT_STANDARD_LIBRARIES = YES;
				BUNDLE_LOADER = "$(TEST_HOST)";
				CODE_SIGN_STYLE = Automatic;
				CURRENT_PROJECT_VERSION = 1;
				DEVELOPMENT_TEAM = JX6SJ93FPN;
				GENERATE_INFOPLIST_FILE = YES;
				IPHONEOS_DEPLOYMENT_TARGET = 15.4;
				MARKETING_VERSION = 1.0;
				PRODUCT_BUNDLE_IDENTIFIER = Mohsen.KiliaroTestAppTests;
				PRODUCT_NAME = "$(TARGET_NAME)";
				SWIFT_EMIT_LOC_STRINGS = NO;
				SWIFT_VERSION = 5.0;
				TARGETED_DEVICE_FAMILY = "1,2";
				TEST_HOST = "$(BUILT_PRODUCTS_DIR)/KiliaroTestApp.app/KiliaroTestApp";
			};
			name = Debug;
		};
		82E91CBA288D771800713643 /* Release */ = {
			isa = XCBuildConfiguration;
			buildSettings = {
				ALWAYS_EMBED_SWIFT_STANDARD_LIBRARIES = YES;
				BUNDLE_LOADER = "$(TEST_HOST)";
				CODE_SIGN_STYLE = Automatic;
				CURRENT_PROJECT_VERSION = 1;
				DEVELOPMENT_TEAM = JX6SJ93FPN;
				GENERATE_INFOPLIST_FILE = YES;
				IPHONEOS_DEPLOYMENT_TARGET = 15.4;
				MARKETING_VERSION = 1.0;
				PRODUCT_BUNDLE_IDENTIFIER = Mohsen.KiliaroTestAppTests;
				PRODUCT_NAME = "$(TARGET_NAME)";
				SWIFT_EMIT_LOC_STRINGS = NO;
				SWIFT_VERSION = 5.0;
				TARGETED_DEVICE_FAMILY = "1,2";
				TEST_HOST = "$(BUILT_PRODUCTS_DIR)/KiliaroTestApp.app/KiliaroTestApp";
			};
			name = Release;
		};
		82E91CBC288D771800713643 /* Debug */ = {
			isa = XCBuildConfiguration;
			buildSettings = {
				ALWAYS_EMBED_SWIFT_STANDARD_LIBRARIES = YES;
				CODE_SIGN_STYLE = Automatic;
				CURRENT_PROJECT_VERSION = 1;
				DEVELOPMENT_TEAM = JX6SJ93FPN;
				GENERATE_INFOPLIST_FILE = YES;
				MARKETING_VERSION = 1.0;
				PRODUCT_BUNDLE_IDENTIFIER = Mohsen.KiliaroTestAppUITests;
				PRODUCT_NAME = "$(TARGET_NAME)";
				SWIFT_EMIT_LOC_STRINGS = NO;
				SWIFT_VERSION = 5.0;
				TARGETED_DEVICE_FAMILY = "1,2";
				TEST_TARGET_NAME = KiliaroTestApp;
			};
			name = Debug;
		};
		82E91CBD288D771800713643 /* Release */ = {
			isa = XCBuildConfiguration;
			buildSettings = {
				ALWAYS_EMBED_SWIFT_STANDARD_LIBRARIES = YES;
				CODE_SIGN_STYLE = Automatic;
				CURRENT_PROJECT_VERSION = 1;
				DEVELOPMENT_TEAM = JX6SJ93FPN;
				GENERATE_INFOPLIST_FILE = YES;
				MARKETING_VERSION = 1.0;
				PRODUCT_BUNDLE_IDENTIFIER = Mohsen.KiliaroTestAppUITests;
				PRODUCT_NAME = "$(TARGET_NAME)";
				SWIFT_EMIT_LOC_STRINGS = NO;
				SWIFT_VERSION = 5.0;
				TARGETED_DEVICE_FAMILY = "1,2";
				TEST_TARGET_NAME = KiliaroTestApp;
			};
			name = Release;
		};
/* End XCBuildConfiguration section */

/* Begin XCConfigurationList section */
		82E91C86288D771600713643 /* Build configuration list for PBXProject "KiliaroTestApp" */ = {
			isa = XCConfigurationList;
			buildConfigurations = (
				82E91CB3288D771800713643 /* Debug */,
				82E91CB4288D771800713643 /* Release */,
			);
			defaultConfigurationIsVisible = 0;
			defaultConfigurationName = Release;
		};
		82E91CB5288D771800713643 /* Build configuration list for PBXNativeTarget "KiliaroTestApp" */ = {
			isa = XCConfigurationList;
			buildConfigurations = (
				82E91CB6288D771800713643 /* Debug */,
				82E91CB7288D771800713643 /* Release */,
			);
			defaultConfigurationIsVisible = 0;
			defaultConfigurationName = Release;
		};
		82E91CB8288D771800713643 /* Build configuration list for PBXNativeTarget "KiliaroTestAppTests" */ = {
			isa = XCConfigurationList;
			buildConfigurations = (
				82E91CB9288D771800713643 /* Debug */,
				82E91CBA288D771800713643 /* Release */,
			);
			defaultConfigurationIsVisible = 0;
			defaultConfigurationName = Release;
		};
		82E91CBB288D771800713643 /* Build configuration list for PBXNativeTarget "KiliaroTestAppUITests" */ = {
			isa = XCConfigurationList;
			buildConfigurations = (
				82E91CBC288D771800713643 /* Debug */,
				82E91CBD288D771800713643 /* Release */,
			);
			defaultConfigurationIsVisible = 0;
			defaultConfigurationName = Release;
		};
/* End XCConfigurationList section */
	};
	rootObject = 82E91C83288D771600713643 /* Project object */;
}
