// !$*UTF8*$!
{
	archiveVersion = 1;
	classes = {
	};
	objectVersion = 55;
	objects = {

/* Begin PBXBuildFile section */
		82FD6B5C28AD3AA2001F164E /* AppDelegate.swift in Sources */ = {isa = PBXBuildFile; fileRef = 82FD6B5B28AD3AA2001F164E /* AppDelegate.swift */; };
		82FD6B5E28AD3AA2001F164E /* SceneDelegate.swift in Sources */ = {isa = PBXBuildFile; fileRef = 82FD6B5D28AD3AA2001F164E /* SceneDelegate.swift */; };
		82FD6B6028AD3AA2001F164E /* ViewController.swift in Sources */ = {isa = PBXBuildFile; fileRef = 82FD6B5F28AD3AA2001F164E /* ViewController.swift */; };
		82FD6B6328AD3AA2001F164E /* Main.storyboard in Resources */ = {isa = PBXBuildFile; fileRef = 82FD6B6128AD3AA2001F164E /* Main.storyboard */; };
		82FD6B6528AD3AA3001F164E /* Assets.xcassets in Resources */ = {isa = PBXBuildFile; fileRef = 82FD6B6428AD3AA3001F164E /* Assets.xcassets */; };
		82FD6B6828AD3AA3001F164E /* LaunchScreen.storyboard in Resources */ = {isa = PBXBuildFile; fileRef = 82FD6B6628AD3AA3001F164E /* LaunchScreen.storyboard */; };
		82FD6B7328AD3AA3001F164E /* CustomSegmentControlTests.swift in Sources */ = {isa = PBXBuildFile; fileRef = 82FD6B7228AD3AA3001F164E /* CustomSegmentControlTests.swift */; };
		82FD6B7D28AD3AA3001F164E /* CustomSegmentControlUITests.swift in Sources */ = {isa = PBXBuildFile; fileRef = 82FD6B7C28AD3AA3001F164E /* CustomSegmentControlUITests.swift */; };
		82FD6B7F28AD3AA3001F164E /* CustomSegmentControlUITestsLaunchTests.swift in Sources */ = {isa = PBXBuildFile; fileRef = 82FD6B7E28AD3AA3001F164E /* CustomSegmentControlUITestsLaunchTests.swift */; };
/* End PBXBuildFile section */

/* Begin PBXContainerItemProxy section */
		82FD6B6F28AD3AA3001F164E /* PBXContainerItemProxy */ = {
			isa = PBXContainerItemProxy;
			containerPortal = 82FD6B5028AD3AA2001F164E /* Project object */;
			proxyType = 1;
			remoteGlobalIDString = 82FD6B5728AD3AA2001F164E;
			remoteInfo = CustomSegmentControl;
		};
		82FD6B7928AD3AA3001F164E /* PBXContainerItemProxy */ = {
			isa = PBXContainerItemProxy;
			containerPortal = 82FD6B5028AD3AA2001F164E /* Project object */;
			proxyType = 1;
			remoteGlobalIDString = 82FD6B5728AD3AA2001F164E;
			remoteInfo = CustomSegmentControl;
		};
/* End PBXContainerItemProxy section */

/* Begin PBXFileReference section */
		82FD6B5828AD3AA2001F164E /* CustomSegmentControl.app */ = {isa = PBXFileReference; explicitFileType = wrapper.application; includeInIndex = 0; path = CustomSegmentControl.app; sourceTree = BUILT_PRODUCTS_DIR; };
		82FD6B5B28AD3AA2001F164E /* AppDelegate.swift */ = {isa = PBXFileReference; lastKnownFileType = sourcecode.swift; path = AppDelegate.swift; sourceTree = "<group>"; };
		82FD6B5D28AD3AA2001F164E /* SceneDelegate.swift */ = {isa = PBXFileReference; lastKnownFileType = sourcecode.swift; path = SceneDelegate.swift; sourceTree = "<group>"; };
		82FD6B5F28AD3AA2001F164E /* ViewController.swift */ = {isa = PBXFileReference; lastKnownFileType = sourcecode.swift; path = ViewController.swift; sourceTree = "<group>"; };
		82FD6B6228AD3AA2001F164E /* Base */ = {isa = PBXFileReference; lastKnownFileType = file.storyboard; name = Base; path = Base.lproj/Main.storyboard; sourceTree = "<group>"; };
		82FD6B6428AD3AA3001F164E /* Assets.xcassets */ = {isa = PBXFileReference; lastKnownFileType = folder.assetcatalog; path = Assets.xcassets; sourceTree = "<group>"; };
		82FD6B6728AD3AA3001F164E /* Base */ = {isa = PBXFileReference; lastKnownFileType = file.storyboard; name = Base; path = Base.lproj/LaunchScreen.storyboard; sourceTree = "<group>"; };
		82FD6B6928AD3AA3001F164E /* Info.plist */ = {isa = PBXFileReference; lastKnownFileType = text.plist.xml; path = Info.plist; sourceTree = "<group>"; };
		82FD6B6E28AD3AA3001F164E /* CustomSegmentControlTests.xctest */ = {isa = PBXFileReference; explicitFileType = wrapper.cfbundle; includeInIndex = 0; path = CustomSegmentControlTests.xctest; sourceTree = BUILT_PRODUCTS_DIR; };
		82FD6B7228AD3AA3001F164E /* CustomSegmentControlTests.swift */ = {isa = PBXFileReference; lastKnownFileType = sourcecode.swift; path = CustomSegmentControlTests.swift; sourceTree = "<group>"; };
		82FD6B7828AD3AA3001F164E /* CustomSegmentControlUITests.xctest */ = {isa = PBXFileReference; explicitFileType = wrapper.cfbundle; includeInIndex = 0; path = CustomSegmentControlUITests.xctest; sourceTree = BUILT_PRODUCTS_DIR; };
		82FD6B7C28AD3AA3001F164E /* CustomSegmentControlUITests.swift */ = {isa = PBXFileReference; lastKnownFileType = sourcecode.swift; path = CustomSegmentControlUITests.swift; sourceTree = "<group>"; };
		82FD6B7E28AD3AA3001F164E /* CustomSegmentControlUITestsLaunchTests.swift */ = {isa = PBXFileReference; lastKnownFileType = sourcecode.swift; path = CustomSegmentControlUITestsLaunchTests.swift; sourceTree = "<group>"; };
/* End PBXFileReference section */

/* Begin PBXFrameworksBuildPhase section */
		82FD6B5528AD3AA2001F164E /* Frameworks */ = {
			isa = PBXFrameworksBuildPhase;
			buildActionMask = 2147483647;
			files = (
			);
			runOnlyForDeploymentPostprocessing = 0;
		};
		82FD6B6B28AD3AA3001F164E /* Frameworks */ = {
			isa = PBXFrameworksBuildPhase;
			buildActionMask = 2147483647;
			files = (
			);
			runOnlyForDeploymentPostprocessing = 0;
		};
		82FD6B7528AD3AA3001F164E /* Frameworks */ = {
			isa = PBXFrameworksBuildPhase;
			buildActionMask = 2147483647;
			files = (
			);
			runOnlyForDeploymentPostprocessing = 0;
		};
/* End PBXFrameworksBuildPhase section */

/* Begin PBXGroup section */
		82FD6B4F28AD3AA2001F164E = {
			isa = PBXGroup;
			children = (
				82FD6B5A28AD3AA2001F164E /* CustomSegmentControl */,
				82FD6B7128AD3AA3001F164E /* CustomSegmentControlTests */,
				82FD6B7B28AD3AA3001F164E /* CustomSegmentControlUITests */,
				82FD6B5928AD3AA2001F164E /* Products */,
			);
			sourceTree = "<group>";
		};
		82FD6B5928AD3AA2001F164E /* Products */ = {
			isa = PBXGroup;
			children = (
				82FD6B5828AD3AA2001F164E /* CustomSegmentControl.app */,
				82FD6B6E28AD3AA3001F164E /* CustomSegmentControlTests.xctest */,
				82FD6B7828AD3AA3001F164E /* CustomSegmentControlUITests.xctest */,
			);
			name = Products;
			sourceTree = "<group>";
		};
		82FD6B5A28AD3AA2001F164E /* CustomSegmentControl */ = {
			isa = PBXGroup;
			children = (
				82FD6B5B28AD3AA2001F164E /* AppDelegate.swift */,
				82FD6B5D28AD3AA2001F164E /* SceneDelegate.swift */,
				82FD6B5F28AD3AA2001F164E /* ViewController.swift */,
				82FD6B6128AD3AA2001F164E /* Main.storyboard */,
				82FD6B6428AD3AA3001F164E /* Assets.xcassets */,
				82FD6B6628AD3AA3001F164E /* LaunchScreen.storyboard */,
				82FD6B6928AD3AA3001F164E /* Info.plist */,
			);
			path = CustomSegmentControl;
			sourceTree = "<group>";
		};
		82FD6B7128AD3AA3001F164E /* CustomSegmentControlTests */ = {
			isa = PBXGroup;
			children = (
				82FD6B7228AD3AA3001F164E /* CustomSegmentControlTests.swift */,
			);
			path = CustomSegmentControlTests;
			sourceTree = "<group>";
		};
		82FD6B7B28AD3AA3001F164E /* CustomSegmentControlUITests */ = {
			isa = PBXGroup;
			children = (
				82FD6B7C28AD3AA3001F164E /* CustomSegmentControlUITests.swift */,
				82FD6B7E28AD3AA3001F164E /* CustomSegmentControlUITestsLaunchTests.swift */,
			);
			path = CustomSegmentControlUITests;
			sourceTree = "<group>";
		};
/* End PBXGroup section */

/* Begin PBXNativeTarget section */
		82FD6B5728AD3AA2001F164E /* CustomSegmentControl */ = {
			isa = PBXNativeTarget;
			buildConfigurationList = 82FD6B8228AD3AA3001F164E /* Build configuration list for PBXNativeTarget "CustomSegmentControl" */;
			buildPhases = (
				82FD6B5428AD3AA2001F164E /* Sources */,
				82FD6B5528AD3AA2001F164E /* Frameworks */,
				82FD6B5628AD3AA2001F164E /* Resources */,
			);
			buildRules = (
			);
			dependencies = (
			);
			name = CustomSegmentControl;
			productName = CustomSegmentControl;
			productReference = 82FD6B5828AD3AA2001F164E /* CustomSegmentControl.app */;
			productType = "com.apple.product-type.application";
		};
		82FD6B6D28AD3AA3001F164E /* CustomSegmentControlTests */ = {
			isa = PBXNativeTarget;
			buildConfigurationList = 82FD6B8528AD3AA3001F164E /* Build configuration list for PBXNativeTarget "CustomSegmentControlTests" */;
			buildPhases = (
				82FD6B6A28AD3AA3001F164E /* Sources */,
				82FD6B6B28AD3AA3001F164E /* Frameworks */,
				82FD6B6C28AD3AA3001F164E /* Resources */,
			);
			buildRules = (
			);
			dependencies = (
				82FD6B7028AD3AA3001F164E /* PBXTargetDependency */,
			);
			name = CustomSegmentControlTests;
			productName = CustomSegmentControlTests;
			productReference = 82FD6B6E28AD3AA3001F164E /* CustomSegmentControlTests.xctest */;
			productType = "com.apple.product-type.bundle.unit-test";
		};
		82FD6B7728AD3AA3001F164E /* CustomSegmentControlUITests */ = {
			isa = PBXNativeTarget;
			buildConfigurationList = 82FD6B8828AD3AA3001F164E /* Build configuration list for PBXNativeTarget "CustomSegmentControlUITests" */;
			buildPhases = (
				82FD6B7428AD3AA3001F164E /* Sources */,
				82FD6B7528AD3AA3001F164E /* Frameworks */,
				82FD6B7628AD3AA3001F164E /* Resources */,
			);
			buildRules = (
			);
			dependencies = (
				82FD6B7A28AD3AA3001F164E /* PBXTargetDependency */,
			);
			name = CustomSegmentControlUITests;
			productName = CustomSegmentControlUITests;
			productReference = 82FD6B7828AD3AA3001F164E /* CustomSegmentControlUITests.xctest */;
			productType = "com.apple.product-type.bundle.ui-testing";
		};
/* End PBXNativeTarget section */

/* Begin PBXProject section */
		82FD6B5028AD3AA2001F164E /* Project object */ = {
			isa = PBXProject;
			attributes = {
				BuildIndependentTargetsInParallel = 1;
				LastSwiftUpdateCheck = 1340;
				LastUpgradeCheck = 1340;
				TargetAttributes = {
					82FD6B5728AD3AA2001F164E = {
						CreatedOnToolsVersion = 13.4.1;
					};
					82FD6B6D28AD3AA3001F164E = {
						CreatedOnToolsVersion = 13.4.1;
						TestTargetID = 82FD6B5728AD3AA2001F164E;
					};
					82FD6B7728AD3AA3001F164E = {
						CreatedOnToolsVersion = 13.4.1;
						TestTargetID = 82FD6B5728AD3AA2001F164E;
					};
				};
			};
			buildConfigurationList = 82FD6B5328AD3AA2001F164E /* Build configuration list for PBXProject "CustomSegmentControl" */;
			compatibilityVersion = "Xcode 13.0";
			developmentRegion = en;
			hasScannedForEncodings = 0;
			knownRegions = (
				en,
				Base,
			);
			mainGroup = 82FD6B4F28AD3AA2001F164E;
			productRefGroup = 82FD6B5928AD3AA2001F164E /* Products */;
			projectDirPath = "";
			projectRoot = "";
			targets = (
				82FD6B5728AD3AA2001F164E /* CustomSegmentControl */,
				82FD6B6D28AD3AA3001F164E /* CustomSegmentControlTests */,
				82FD6B7728AD3AA3001F164E /* CustomSegmentControlUITests */,
			);
		};
/* End PBXProject section */

/* Begin PBXResourcesBuildPhase section */
		82FD6B5628AD3AA2001F164E /* Resources */ = {
			isa = PBXResourcesBuildPhase;
			buildActionMask = 2147483647;
			files = (
				82FD6B6828AD3AA3001F164E /* LaunchScreen.storyboard in Resources */,
				82FD6B6528AD3AA3001F164E /* Assets.xcassets in Resources */,
				82FD6B6328AD3AA2001F164E /* Main.storyboard in Resources */,
			);
			runOnlyForDeploymentPostprocessing = 0;
		};
		82FD6B6C28AD3AA3001F164E /* Resources */ = {
			isa = PBXResourcesBuildPhase;
			buildActionMask = 2147483647;
			files = (
			);
			runOnlyForDeploymentPostprocessing = 0;
		};
		82FD6B7628AD3AA3001F164E /* Resources */ = {
			isa = PBXResourcesBuildPhase;
			buildActionMask = 2147483647;
			files = (
			);
			runOnlyForDeploymentPostprocessing = 0;
		};
/* End PBXResourcesBuildPhase section */

/* Begin PBXSourcesBuildPhase section */
		82FD6B5428AD3AA2001F164E /* Sources */ = {
			isa = PBXSourcesBuildPhase;
			buildActionMask = 2147483647;
			files = (
				82FD6B6028AD3AA2001F164E /* ViewController.swift in Sources */,
				82FD6B5C28AD3AA2001F164E /* AppDelegate.swift in Sources */,
				82FD6B5E28AD3AA2001F164E /* SceneDelegate.swift in Sources */,
			);
			runOnlyForDeploymentPostprocessing = 0;
		};
		82FD6B6A28AD3AA3001F164E /* Sources */ = {
			isa = PBXSourcesBuildPhase;
			buildActionMask = 2147483647;
			files = (
				82FD6B7328AD3AA3001F164E /* CustomSegmentControlTests.swift in Sources */,
			);
			runOnlyForDeploymentPostprocessing = 0;
		};
		82FD6B7428AD3AA3001F164E /* Sources */ = {
			isa = PBXSourcesBuildPhase;
			buildActionMask = 2147483647;
			files = (
				82FD6B7D28AD3AA3001F164E /* CustomSegmentControlUITests.swift in Sources */,
				82FD6B7F28AD3AA3001F164E /* CustomSegmentControlUITestsLaunchTests.swift in Sources */,
			);
			runOnlyForDeploymentPostprocessing = 0;
		};
/* End PBXSourcesBuildPhase section */

/* Begin PBXTargetDependency section */
		82FD6B7028AD3AA3001F164E /* PBXTargetDependency */ = {
			isa = PBXTargetDependency;
			target = 82FD6B5728AD3AA2001F164E /* CustomSegmentControl */;
			targetProxy = 82FD6B6F28AD3AA3001F164E /* PBXContainerItemProxy */;
		};
		82FD6B7A28AD3AA3001F164E /* PBXTargetDependency */ = {
			isa = PBXTargetDependency;
			target = 82FD6B5728AD3AA2001F164E /* CustomSegmentControl */;
			targetProxy = 82FD6B7928AD3AA3001F164E /* PBXContainerItemProxy */;
		};
/* End PBXTargetDependency section */

/* Begin PBXVariantGroup section */
		82FD6B6128AD3AA2001F164E /* Main.storyboard */ = {
			isa = PBXVariantGroup;
			children = (
				82FD6B6228AD3AA2001F164E /* Base */,
			);
			name = Main.storyboard;
			sourceTree = "<group>";
		};
		82FD6B6628AD3AA3001F164E /* LaunchScreen.storyboard */ = {
			isa = PBXVariantGroup;
			children = (
				82FD6B6728AD3AA3001F164E /* Base */,
			);
			name = LaunchScreen.storyboard;
			sourceTree = "<group>";
		};
/* End PBXVariantGroup section */

/* Begin XCBuildConfiguration section */
		82FD6B8028AD3AA3001F164E /* Debug */ = {
			isa = XCBuildConfiguration;
			buildSettings = {
				ALWAYS_SEARCH_USER_PATHS = NO;
				CLANG_ANALYZER_NONNULL = YES;
				CLANG_ANALYZER_NUMBER_OBJECT_CONVERSION = YES_AGGRESSIVE;
				CLANG_CXX_LANGUAGE_STANDARD = "gnu++17";
				CLANG_ENABLE_MODULES = YES;
				CLANG_ENABLE_OBJC_ARC = YES;
				CLANG_ENABLE_OBJC_WEAK = YES;
				CLANG_WARN_BLOCK_CAPTURE_AUTORELEASING = YES;
				CLANG_WARN_BOOL_CONVERSION = YES;
				CLANG_WARN_COMMA = YES;
				CLANG_WARN_CONSTANT_CONVERSION = YES;
				CLANG_WARN_DEPRECATED_OBJC_IMPLEMENTATIONS = YES;
				CLANG_WARN_DIRECT_OBJC_ISA_USAGE = YES_ERROR;
				CLANG_WARN_DOCUMENTATION_COMMENTS = YES;
				CLANG_WARN_EMPTY_BODY = YES;
				CLANG_WARN_ENUM_CONVERSION = YES;
				CLANG_WARN_INFINITE_RECURSION = YES;
				CLANG_WARN_INT_CONVERSION = YES;
				CLANG_WARN_NON_LITERAL_NULL_CONVERSION = YES;
				CLANG_WARN_OBJC_IMPLICIT_RETAIN_SELF = YES;
				CLANG_WARN_OBJC_LITERAL_CONVERSION = YES;
				CLANG_WARN_OBJC_ROOT_CLASS = YES_ERROR;
				CLANG_WARN_QUOTED_INCLUDE_IN_FRAMEWORK_HEADER = YES;
				CLANG_WARN_RANGE_LOOP_ANALYSIS = YES;
				CLANG_WARN_STRICT_PROTOTYPES = YES;
				CLANG_WARN_SUSPICIOUS_MOVE = YES;
				CLANG_WARN_UNGUARDED_AVAILABILITY = YES_AGGRESSIVE;
				CLANG_WARN_UNREACHABLE_CODE = YES;
				CLANG_WARN__DUPLICATE_METHOD_MATCH = YES;
				COPY_PHASE_STRIP = NO;
				DEBUG_INFORMATION_FORMAT = dwarf;
				ENABLE_STRICT_OBJC_MSGSEND = YES;
				ENABLE_TESTABILITY = YES;
				GCC_C_LANGUAGE_STANDARD = gnu11;
				GCC_DYNAMIC_NO_PIC = NO;
				GCC_NO_COMMON_BLOCKS = YES;
				GCC_OPTIMIZATION_LEVEL = 0;
				GCC_PREPROCESSOR_DEFINITIONS = (
					"DEBUG=1",
					"$(inherited)",
				);
				GCC_WARN_64_TO_32_BIT_CONVERSION = YES;
				GCC_WARN_ABOUT_RETURN_TYPE = YES_ERROR;
				GCC_WARN_UNDECLARED_SELECTOR = YES;
				GCC_WARN_UNINITIALIZED_AUTOS = YES_AGGRESSIVE;
				GCC_WARN_UNUSED_FUNCTION = YES;
				GCC_WARN_UNUSED_VARIABLE = YES;
				IPHONEOS_DEPLOYMENT_TARGET = 15.5;
				MTL_ENABLE_DEBUG_INFO = INCLUDE_SOURCE;
				MTL_FAST_MATH = YES;
				ONLY_ACTIVE_ARCH = YES;
				SDKROOT = iphoneos;
				SWIFT_ACTIVE_COMPILATION_CONDITIONS = DEBUG;
				SWIFT_OPTIMIZATION_LEVEL = "-Onone";
			};
			name = Debug;
		};
		82FD6B8128AD3AA3001F164E /* Release */ = {
			isa = XCBuildConfiguration;
			buildSettings = {
				ALWAYS_SEARCH_USER_PATHS = NO;
				CLANG_ANALYZER_NONNULL = YES;
				CLANG_ANALYZER_NUMBER_OBJECT_CONVERSION = YES_AGGRESSIVE;
				CLANG_CXX_LANGUAGE_STANDARD = "gnu++17";
				CLANG_ENABLE_MODULES = YES;
				CLANG_ENABLE_OBJC_ARC = YES;
				CLANG_ENABLE_OBJC_WEAK = YES;
				CLANG_WARN_BLOCK_CAPTURE_AUTORELEASING = YES;
				CLANG_WARN_BOOL_CONVERSION = YES;
				CLANG_WARN_COMMA = YES;
				CLANG_WARN_CONSTANT_CONVERSION = YES;
				CLANG_WARN_DEPRECATED_OBJC_IMPLEMENTATIONS = YES;
				CLANG_WARN_DIRECT_OBJC_ISA_USAGE = YES_ERROR;
				CLANG_WARN_DOCUMENTATION_COMMENTS = YES;
				CLANG_WARN_EMPTY_BODY = YES;
				CLANG_WARN_ENUM_CONVERSION = YES;
				CLANG_WARN_INFINITE_RECURSION = YES;
				CLANG_WARN_INT_CONVERSION = YES;
				CLANG_WARN_NON_LITERAL_NULL_CONVERSION = YES;
				CLANG_WARN_OBJC_IMPLICIT_RETAIN_SELF = YES;
				CLANG_WARN_OBJC_LITERAL_CONVERSION = YES;
				CLANG_WARN_OBJC_ROOT_CLASS = YES_ERROR;
				CLANG_WARN_QUOTED_INCLUDE_IN_FRAMEWORK_HEADER = YES;
				CLANG_WARN_RANGE_LOOP_ANALYSIS = YES;
				CLANG_WARN_STRICT_PROTOTYPES = YES;
				CLANG_WARN_SUSPICIOUS_MOVE = YES;
				CLANG_WARN_UNGUARDED_AVAILABILITY = YES_AGGRESSIVE;
				CLANG_WARN_UNREACHABLE_CODE = YES;
				CLANG_WARN__DUPLICATE_METHOD_MATCH = YES;
				COPY_PHASE_STRIP = NO;
				DEBUG_INFORMATION_FORMAT = "dwarf-with-dsym";
				ENABLE_NS_ASSERTIONS = NO;
				ENABLE_STRICT_OBJC_MSGSEND = YES;
				GCC_C_LANGUAGE_STANDARD = gnu11;
				GCC_NO_COMMON_BLOCKS = YES;
				GCC_WARN_64_TO_32_BIT_CONVERSION = YES;
				GCC_WARN_ABOUT_RETURN_TYPE = YES_ERROR;
				GCC_WARN_UNDECLARED_SELECTOR = YES;
				GCC_WARN_UNINITIALIZED_AUTOS = YES_AGGRESSIVE;
				GCC_WARN_UNUSED_FUNCTION = YES;
				GCC_WARN_UNUSED_VARIABLE = YES;
				IPHONEOS_DEPLOYMENT_TARGET = 15.5;
				MTL_ENABLE_DEBUG_INFO = NO;
				MTL_FAST_MATH = YES;
				SDKROOT = iphoneos;
				SWIFT_COMPILATION_MODE = wholemodule;
				SWIFT_OPTIMIZATION_LEVEL = "-O";
				VALIDATE_PRODUCT = YES;
			};
			name = Release;
		};
		82FD6B8328AD3AA3001F164E /* Debug */ = {
			isa = XCBuildConfiguration;
			buildSettings = {
				ASSETCATALOG_COMPILER_APPICON_NAME = AppIcon;
				ASSETCATALOG_COMPILER_GLOBAL_ACCENT_COLOR_NAME = AccentColor;
				CODE_SIGN_STYLE = Automatic;
				CURRENT_PROJECT_VERSION = 1;
				DEVELOPMENT_TEAM = JX6SJ93FPN;
				GENERATE_INFOPLIST_FILE = YES;
				INFOPLIST_FILE = CustomSegmentControl/Info.plist;
				INFOPLIST_KEY_UIApplicationSupportsIndirectInputEvents = YES;
				INFOPLIST_KEY_UILaunchStoryboardName = LaunchScreen;
				INFOPLIST_KEY_UIMainStoryboardFile = Main;
				INFOPLIST_KEY_UISupportedInterfaceOrientations_iPad = "UIInterfaceOrientationPortrait UIInterfaceOrientationPortraitUpsideDown UIInterfaceOrientationLandscapeLeft UIInterfaceOrientationLandscapeRight";
				INFOPLIST_KEY_UISupportedInterfaceOrientations_iPhone = "UIInterfaceOrientationPortrait UIInterfaceOrientationLandscapeLeft UIInterfaceOrientationLandscapeRight";
				LD_RUNPATH_SEARCH_PATHS = (
					"$(inherited)",
					"@executable_path/Frameworks",
				);
				MARKETING_VERSION = 1.0;
				PRODUCT_BUNDLE_IDENTIFIER = Mohsen.CustomSegmentControl;
				PRODUCT_NAME = "$(TARGET_NAME)";
				SWIFT_EMIT_LOC_STRINGS = YES;
				SWIFT_VERSION = 5.0;
				TARGETED_DEVICE_FAMILY = "1,2";
			};
			name = Debug;
		};
		82FD6B8428AD3AA3001F164E /* Release */ = {
			isa = XCBuildConfiguration;
			buildSettings = {
				ASSETCATALOG_COMPILER_APPICON_NAME = AppIcon;
				ASSETCATALOG_COMPILER_GLOBAL_ACCENT_COLOR_NAME = AccentColor;
				CODE_SIGN_STYLE = Automatic;
				CURRENT_PROJECT_VERSION = 1;
				DEVELOPMENT_TEAM = JX6SJ93FPN;
				GENERATE_INFOPLIST_FILE = YES;
				INFOPLIST_FILE = CustomSegmentControl/Info.plist;
				INFOPLIST_KEY_UIApplicationSupportsIndirectInputEvents = YES;
				INFOPLIST_KEY_UILaunchStoryboardName = LaunchScreen;
				INFOPLIST_KEY_UIMainStoryboardFile = Main;
				INFOPLIST_KEY_UISupportedInterfaceOrientations_iPad = "UIInterfaceOrientationPortrait UIInterfaceOrientationPortraitUpsideDown UIInterfaceOrientationLandscapeLeft UIInterfaceOrientationLandscapeRight";
				INFOPLIST_KEY_UISupportedInterfaceOrientations_iPhone = "UIInterfaceOrientationPortrait UIInterfaceOrientationLandscapeLeft UIInterfaceOrientationLandscapeRight";
				LD_RUNPATH_SEARCH_PATHS = (
					"$(inherited)",
					"@executable_path/Frameworks",
				);
				MARKETING_VERSION = 1.0;
				PRODUCT_BUNDLE_IDENTIFIER = Mohsen.CustomSegmentControl;
				PRODUCT_NAME = "$(TARGET_NAME)";
				SWIFT_EMIT_LOC_STRINGS = YES;
				SWIFT_VERSION = 5.0;
				TARGETED_DEVICE_FAMILY = "1,2";
			};
			name = Release;
		};
		82FD6B8628AD3AA3001F164E /* Debug */ = {
			isa = XCBuildConfiguration;
			buildSettings = {
				ALWAYS_EMBED_SWIFT_STANDARD_LIBRARIES = YES;
				BUNDLE_LOADER = "$(TEST_HOST)";
				CODE_SIGN_STYLE = Automatic;
				CURRENT_PROJECT_VERSION = 1;
				DEVELOPMENT_TEAM = JX6SJ93FPN;
				GENERATE_INFOPLIST_FILE = YES;
				IPHONEOS_DEPLOYMENT_TARGET = 15.5;
				MARKETING_VERSION = 1.0;
				PRODUCT_BUNDLE_IDENTIFIER = Mohsen.CustomSegmentControlTests;
				PRODUCT_NAME = "$(TARGET_NAME)";
				SWIFT_EMIT_LOC_STRINGS = NO;
				SWIFT_VERSION = 5.0;
				TARGETED_DEVICE_FAMILY = "1,2";
				TEST_HOST = "$(BUILT_PRODUCTS_DIR)/CustomSegmentControl.app/CustomSegmentControl";
			};
			name = Debug;
		};
		82FD6B8728AD3AA3001F164E /* Release */ = {
			isa = XCBuildConfiguration;
			buildSettings = {
				ALWAYS_EMBED_SWIFT_STANDARD_LIBRARIES = YES;
				BUNDLE_LOADER = "$(TEST_HOST)";
				CODE_SIGN_STYLE = Automatic;
				CURRENT_PROJECT_VERSION = 1;
				DEVELOPMENT_TEAM = JX6SJ93FPN;
				GENERATE_INFOPLIST_FILE = YES;
				IPHONEOS_DEPLOYMENT_TARGET = 15.5;
				MARKETING_VERSION = 1.0;
				PRODUCT_BUNDLE_IDENTIFIER = Mohsen.CustomSegmentControlTests;
				PRODUCT_NAME = "$(TARGET_NAME)";
				SWIFT_EMIT_LOC_STRINGS = NO;
				SWIFT_VERSION = 5.0;
				TARGETED_DEVICE_FAMILY = "1,2";
				TEST_HOST = "$(BUILT_PRODUCTS_DIR)/CustomSegmentControl.app/CustomSegmentControl";
			};
			name = Release;
		};
		82FD6B8928AD3AA3001F164E /* Debug */ = {
			isa = XCBuildConfiguration;
			buildSettings = {
				ALWAYS_EMBED_SWIFT_STANDARD_LIBRARIES = YES;
				CODE_SIGN_STYLE = Automatic;
				CURRENT_PROJECT_VERSION = 1;
				DEVELOPMENT_TEAM = JX6SJ93FPN;
				GENERATE_INFOPLIST_FILE = YES;
				MARKETING_VERSION = 1.0;
				PRODUCT_BUNDLE_IDENTIFIER = Mohsen.CustomSegmentControlUITests;
				PRODUCT_NAME = "$(TARGET_NAME)";
				SWIFT_EMIT_LOC_STRINGS = NO;
				SWIFT_VERSION = 5.0;
				TARGETED_DEVICE_FAMILY = "1,2";
				TEST_TARGET_NAME = CustomSegmentControl;
			};
			name = Debug;
		};
		82FD6B8A28AD3AA3001F164E /* Release */ = {
			isa = XCBuildConfiguration;
			buildSettings = {
				ALWAYS_EMBED_SWIFT_STANDARD_LIBRARIES = YES;
				CODE_SIGN_STYLE = Automatic;
				CURRENT_PROJECT_VERSION = 1;
				DEVELOPMENT_TEAM = JX6SJ93FPN;
				GENERATE_INFOPLIST_FILE = YES;
				MARKETING_VERSION = 1.0;
				PRODUCT_BUNDLE_IDENTIFIER = Mohsen.CustomSegmentControlUITests;
				PRODUCT_NAME = "$(TARGET_NAME)";
				SWIFT_EMIT_LOC_STRINGS = NO;
				SWIFT_VERSION = 5.0;
				TARGETED_DEVICE_FAMILY = "1,2";
				TEST_TARGET_NAME = CustomSegmentControl;
			};
			name = Release;
		};
/* End XCBuildConfiguration section */

/* Begin XCConfigurationList section */
		82FD6B5328AD3AA2001F164E /* Build configuration list for PBXProject "CustomSegmentControl" */ = {
			isa = XCConfigurationList;
			buildConfigurations = (
				82FD6B8028AD3AA3001F164E /* Debug */,
				82FD6B8128AD3AA3001F164E /* Release */,
			);
			defaultConfigurationIsVisible = 0;
			defaultConfigurationName = Release;
		};
		82FD6B8228AD3AA3001F164E /* Build configuration list for PBXNativeTarget "CustomSegmentControl" */ = {
			isa = XCConfigurationList;
			buildConfigurations = (
				82FD6B8328AD3AA3001F164E /* Debug */,
				82FD6B8428AD3AA3001F164E /* Release */,
			);
			defaultConfigurationIsVisible = 0;
			defaultConfigurationName = Release;
		};
		82FD6B8528AD3AA3001F164E /* Build configuration list for PBXNativeTarget "CustomSegmentControlTests" */ = {
			isa = XCConfigurationList;
			buildConfigurations = (
				82FD6B8628AD3AA3001F164E /* Debug */,
				82FD6B8728AD3AA3001F164E /* Release */,
			);
			defaultConfigurationIsVisible = 0;
			defaultConfigurationName = Release;
		};
		82FD6B8828AD3AA3001F164E /* Build configuration list for PBXNativeTarget "CustomSegmentControlUITests" */ = {
			isa = XCConfigurationList;
			buildConfigurations = (
				82FD6B8928AD3AA3001F164E /* Debug */,
				82FD6B8A28AD3AA3001F164E /* Release */,
			);
			defaultConfigurationIsVisible = 0;
			defaultConfigurationName = Release;
		};
/* End XCConfigurationList section */
	};
	rootObject = 82FD6B5028AD3AA2001F164E /* Project object */;
}
